
Microsoft Visual Studio Solution File, Format Version 12.00
# Visual Studio Version 16
VisualStudioVersion = 16.0.28714.193
MinimumVisualStudioVersion = 10.0.40219.1
Project("{9A19103F-16F7-4668-BE54-9A1E7A4F7556}") = "SudokuSolver", "SudokuSolver\SudokuSolver.csproj", "{D345B455-1972-4628-8C03-5E58406FBAA1}"
EndProject
Project("{FAE04EC0-301F-11D3-BF4B-00C04F79EFBC}") = "SudokuSolver.Test.Unit", "SudokuSolver.Test.Unit\SudokuSolver.Test.Unit.csproj", "{AC1467AA-ED07-45DD-B7BD-76725179E21E}"
EndProject
Global
	GlobalSection(SolutionConfigurationPlatforms) = preSolution
		Debug|Any CPU = Debug|Any CPU
		Release|Any CPU = Release|Any CPU
	EndGlobalSection
	GlobalSection(ProjectConfigurationPlatforms) = postSolution
		{D345B455-1972-4628-8C03-5E58406FBAA1}.Debug|Any CPU.ActiveCfg = Debug|Any CPU
		{D345B455-1972-4628-8C03-5E58406FBAA1}.Debug|Any CPU.Build.0 = Debug|Any CPU
		{D345B455-1972-4628-8C03-5E58406FBAA1}.Release|Any CPU.ActiveCfg = Release|Any CPU
		{D345B455-1972-4628-8C03-5E58406FBAA1}.Release|Any CPU.Build.0 = Release|Any CPU
		{AC1467AA-ED07-45DD-B7BD-76725179E21E}.Debug|Any CPU.ActiveCfg = Debug|Any CPU
		{AC1467AA-ED07-45DD-B7BD-76725179E21E}.Debug|Any CPU.Build.0 = Debug|Any CPU
		{AC1467AA-ED07-45DD-B7BD-76725179E21E}.Release|Any CPU.ActiveCfg = Release|Any CPU
		{AC1467AA-ED07-45DD-B7BD-76725179E21E}.Release|Any CPU.Build.0 = Release|Any CPU
	EndGlobalSection
	GlobalSection(SolutionProperties) = preSolution
		HideSolutionNode = FALSE
	EndGlobalSection
	GlobalSection(ExtensibilityGlobals) = postSolution
		SolutionGuid = {7002A348-8FFC-49AA-B96B-C4A43F6D92FD}
	EndGlobalSection
EndGlobal
